
Microsoft Visual Studio Solution File, Format Version 12.00
# Visual Studio Version 16
VisualStudioVersion = 16.0.31105.61
MinimumVisualStudioVersion = 10.0.40219.1
Project("{FAE04EC0-301F-11D3-BF4B-00C04F79EFBC}") = "Ejercicios01Practico02.Consola", "Ejercicios01Practico02.Consola\Ejercicios01Practico02.Consola.csproj", "{785683BB-EC31-4E62-8D6F-0EDCBD7055BE}"
EndProject
Global
	GlobalSection(SolutionConfigurationPlatforms) = preSolution
		Debug|Any CPU = Debug|Any CPU
		Release|Any CPU = Release|Any CPU
	EndGlobalSection
	GlobalSection(ProjectConfigurationPlatforms) = postSolution
		{785683BB-EC31-4E62-8D6F-0EDCBD7055BE}.Debug|Any CPU.ActiveCfg = Debug|Any CPU
		{785683BB-EC31-4E62-8D6F-0EDCBD7055BE}.Debug|Any CPU.Build.0 = Debug|Any CPU
		{785683BB-EC31-4E62-8D6F-0EDCBD7055BE}.Release|Any CPU.ActiveCfg = Release|Any CPU
		{785683BB-EC31-4E62-8D6F-0EDCBD7055BE}.Release|Any CPU.Build.0 = Release|Any CPU
	EndGlobalSection
	GlobalSection(SolutionProperties) = preSolution
		HideSolutionNode = FALSE
	EndGlobalSection
	GlobalSection(ExtensibilityGlobals) = postSolution
		SolutionGuid = {17E5387C-6ABC-4A5F-A9FF-60113B58FCCD}
	EndGlobalSection
EndGlobal
